
Microsoft Visual Studio Solution File, Format Version 12.00
# Visual Studio Version 17
VisualStudioVersion = 17.14.36109.1 d17.14
MinimumVisualStudioVersion = 10.0.40219.1
Project("{54A90642-561A-4BB1-A94E-469ADEE60C69}") = "financemanagement.client", "financemanagement.client\financemanagement.client.esproj", "{4E51C5B0-59E7-2EFC-0A03-36FD8E3C5E1E}"
EndProject
Project("{FAE04EC0-301F-11D3-BF4B-00C04F79EFBC}") = "FinanceManagement.Server", "FinanceManagement.Server\FinanceManagement.Server.csproj", "{4863A845-D239-46BB-8B0B-CFBA2FA55C4D}"
EndProject
Global
	GlobalSection(SolutionConfigurationPlatforms) = preSolution
		Debug|Any CPU = Debug|Any CPU
		Release|Any CPU = Release|Any CPU
	EndGlobalSection
	GlobalSection(ProjectConfigurationPlatforms) = postSolution
		{4E51C5B0-59E7-2EFC-0A03-36FD8E3C5E1E}.Debug|Any CPU.ActiveCfg = Debug|Any CPU
		{4E51C5B0-59E7-2EFC-0A03-36FD8E3C5E1E}.Debug|Any CPU.Build.0 = Debug|Any CPU
		{4E51C5B0-59E7-2EFC-0A03-36FD8E3C5E1E}.Debug|Any CPU.Deploy.0 = Debug|Any CPU
		{4E51C5B0-59E7-2EFC-0A03-36FD8E3C5E1E}.Release|Any CPU.ActiveCfg = Release|Any CPU
		{4E51C5B0-59E7-2EFC-0A03-36FD8E3C5E1E}.Release|Any CPU.Build.0 = Release|Any CPU
		{4E51C5B0-59E7-2EFC-0A03-36FD8E3C5E1E}.Release|Any CPU.Deploy.0 = Release|Any CPU
		{4863A845-D239-46BB-8B0B-CFBA2FA55C4D}.Debug|Any CPU.ActiveCfg = Debug|Any CPU
		{4863A845-D239-46BB-8B0B-CFBA2FA55C4D}.Debug|Any CPU.Build.0 = Debug|Any CPU
		{4863A845-D239-46BB-8B0B-CFBA2FA55C4D}.Release|Any CPU.ActiveCfg = Release|Any CPU
		{4863A845-D239-46BB-8B0B-CFBA2FA55C4D}.Release|Any CPU.Build.0 = Release|Any CPU
	EndGlobalSection
	GlobalSection(SolutionProperties) = preSolution
		HideSolutionNode = FALSE
	EndGlobalSection
	GlobalSection(ExtensibilityGlobals) = postSolution
		SolutionGuid = {DD41DC3A-3150-4FB7-9914-C0518BE49145}
	EndGlobalSection
EndGlobal
